
Microsoft Visual Studio Solution File, Format Version 12.00
# Visual Studio 2013
VisualStudioVersion = 12.0.31101.0
MinimumVisualStudioVersion = 10.0.40219.1
Project("{FAE04EC0-301F-11D3-BF4B-00C04F79EFBC}") = "ManejadorDeDatos.Core", "ManejadorDeDatos.Core\ManejadorDeDatos.Core.csproj", "{D8F1D8F2-45C4-47AA-AA51-A1B963BBD1D4}"
EndProject
Project("{FAE04EC0-301F-11D3-BF4B-00C04F79EFBC}") = "ManejadorDeDatos.GUI", "ManejadorDeDatos.GUI\ManejadorDeDatos.GUI.csproj", "{D7D3195C-FC62-4391-AFB5-25AC96B87CF7}"
EndProject
Project("{FAE04EC0-301F-11D3-BF4B-00C04F79EFBC}") = "Algoritmos", "Algoritmos\Algoritmos.csproj", "{A90E1E26-C375-4FCB-9D41-BDD34F1FDBCC}"
EndProject
Global
	GlobalSection(SolutionConfigurationPlatforms) = preSolution
		Debug|Any CPU = Debug|Any CPU
		Release|Any CPU = Release|Any CPU
	EndGlobalSection
	GlobalSection(ProjectConfigurationPlatforms) = postSolution
		{D8F1D8F2-45C4-47AA-AA51-A1B963BBD1D4}.Debug|Any CPU.ActiveCfg = Debug|Any CPU
		{D8F1D8F2-45C4-47AA-AA51-A1B963BBD1D4}.Debug|Any CPU.Build.0 = Debug|Any CPU
		{D8F1D8F2-45C4-47AA-AA51-A1B963BBD1D4}.Release|Any CPU.ActiveCfg = Release|Any CPU
		{D8F1D8F2-45C4-47AA-AA51-A1B963BBD1D4}.Release|Any CPU.Build.0 = Release|Any CPU
		{D7D3195C-FC62-4391-AFB5-25AC96B87CF7}.Debug|Any CPU.ActiveCfg = Debug|Any CPU
		{D7D3195C-FC62-4391-AFB5-25AC96B87CF7}.Debug|Any CPU.Build.0 = Debug|Any CPU
		{D7D3195C-FC62-4391-AFB5-25AC96B87CF7}.Release|Any CPU.ActiveCfg = Release|Any CPU
		{D7D3195C-FC62-4391-AFB5-25AC96B87CF7}.Release|Any CPU.Build.0 = Release|Any CPU
		{A90E1E26-C375-4FCB-9D41-BDD34F1FDBCC}.Debug|Any CPU.ActiveCfg = Debug|Any CPU
		{A90E1E26-C375-4FCB-9D41-BDD34F1FDBCC}.Debug|Any CPU.Build.0 = Debug|Any CPU
		{A90E1E26-C375-4FCB-9D41-BDD34F1FDBCC}.Release|Any CPU.ActiveCfg = Release|Any CPU
		{A90E1E26-C375-4FCB-9D41-BDD34F1FDBCC}.Release|Any CPU.Build.0 = Release|Any CPU
	EndGlobalSection
	GlobalSection(SolutionProperties) = preSolution
		HideSolutionNode = FALSE
	EndGlobalSection
EndGlobal
